
Microsoft Visual Studio Solution File, Format Version 12.00
# Visual Studio Version 17
VisualStudioVersion = 17.13.35913.81 d17.13
MinimumVisualStudioVersion = 10.0.40219.1
Project("{FAE04EC0-301F-11D3-BF4B-00C04F79EFBC}") = "EstoqueProdutos", "EstoqueProdutos\EstoqueProdutos.csproj", "{7C9D8C7B-C88F-4C3B-8942-C63AF5FAC255}"
EndProject
Global
	GlobalSection(SolutionConfigurationPlatforms) = preSolution
		Debug|Any CPU = Debug|Any CPU
		Release|Any CPU = Release|Any CPU
	EndGlobalSection
	GlobalSection(ProjectConfigurationPlatforms) = postSolution
		{7C9D8C7B-C88F-4C3B-8942-C63AF5FAC255}.Debug|Any CPU.ActiveCfg = Debug|Any CPU
		{7C9D8C7B-C88F-4C3B-8942-C63AF5FAC255}.Debug|Any CPU.Build.0 = Debug|Any CPU
		{7C9D8C7B-C88F-4C3B-8942-C63AF5FAC255}.Release|Any CPU.ActiveCfg = Release|Any CPU
		{7C9D8C7B-C88F-4C3B-8942-C63AF5FAC255}.Release|Any CPU.Build.0 = Release|Any CPU
	EndGlobalSection
	GlobalSection(SolutionProperties) = preSolution
		HideSolutionNode = FALSE
	EndGlobalSection
	GlobalSection(ExtensibilityGlobals) = postSolution
		SolutionGuid = {AF8231F4-CE29-49F7-ABA1-83C507362F80}
	EndGlobalSection
EndGlobal
